
Microsoft Visual Studio Solution File, Format Version 12.00
# Visual Studio Version 16
VisualStudioVersion = 16.0.30611.23
MinimumVisualStudioVersion = 10.0.40219.1
Project("{9A19103F-16F7-4668-BE54-9A1E7A4F7556}") = "GUI", "GUI\GUI.csproj", "{55E5F3A7-20A5-4ED4-8E02-ECC6BF1D1BA9}"
EndProject
Project("{9A19103F-16F7-4668-BE54-9A1E7A4F7556}") = "BattleshipLib", "BattleshipLib\BattleshipLib.csproj", "{1D53D55E-E004-414F-A959-08951E4C90F2}"
EndProject
Project("{9A19103F-16F7-4668-BE54-9A1E7A4F7556}") = "ServerApplication", "Server\ServerApplication.csproj", "{E1478711-71E5-4419-9764-2D42744CC61C}"
EndProject
Project("{9A19103F-16F7-4668-BE54-9A1E7A4F7556}") = "FileIO", "FileIO\FileIO.csproj", "{050C5614-08AE-4C11-9197-D532ED1F4035}"
EndProject
Project("{FAE04EC0-301F-11D3-BF4B-00C04F79EFBC}") = "UnitTest", "UnitTest\UnitTest.csproj", "{52DD9903-DB16-413C-8221-5CF27A4ECA43}"
EndProject
Global
	GlobalSection(SolutionConfigurationPlatforms) = preSolution
		Debug|Any CPU = Debug|Any CPU
		Release|Any CPU = Release|Any CPU
	EndGlobalSection
	GlobalSection(ProjectConfigurationPlatforms) = postSolution
		{55E5F3A7-20A5-4ED4-8E02-ECC6BF1D1BA9}.Debug|Any CPU.ActiveCfg = Debug|Any CPU
		{55E5F3A7-20A5-4ED4-8E02-ECC6BF1D1BA9}.Debug|Any CPU.Build.0 = Debug|Any CPU
		{55E5F3A7-20A5-4ED4-8E02-ECC6BF1D1BA9}.Release|Any CPU.ActiveCfg = Release|Any CPU
		{55E5F3A7-20A5-4ED4-8E02-ECC6BF1D1BA9}.Release|Any CPU.Build.0 = Release|Any CPU
		{1D53D55E-E004-414F-A959-08951E4C90F2}.Debug|Any CPU.ActiveCfg = Debug|Any CPU
		{1D53D55E-E004-414F-A959-08951E4C90F2}.Debug|Any CPU.Build.0 = Debug|Any CPU
		{1D53D55E-E004-414F-A959-08951E4C90F2}.Release|Any CPU.ActiveCfg = Release|Any CPU
		{1D53D55E-E004-414F-A959-08951E4C90F2}.Release|Any CPU.Build.0 = Release|Any CPU
		{E1478711-71E5-4419-9764-2D42744CC61C}.Debug|Any CPU.ActiveCfg = Debug|Any CPU
		{E1478711-71E5-4419-9764-2D42744CC61C}.Debug|Any CPU.Build.0 = Debug|Any CPU
		{E1478711-71E5-4419-9764-2D42744CC61C}.Release|Any CPU.ActiveCfg = Release|Any CPU
		{E1478711-71E5-4419-9764-2D42744CC61C}.Release|Any CPU.Build.0 = Release|Any CPU
		{050C5614-08AE-4C11-9197-D532ED1F4035}.Debug|Any CPU.ActiveCfg = Debug|Any CPU
		{050C5614-08AE-4C11-9197-D532ED1F4035}.Debug|Any CPU.Build.0 = Debug|Any CPU
		{050C5614-08AE-4C11-9197-D532ED1F4035}.Release|Any CPU.ActiveCfg = Release|Any CPU
		{050C5614-08AE-4C11-9197-D532ED1F4035}.Release|Any CPU.Build.0 = Release|Any CPU
		{52DD9903-DB16-413C-8221-5CF27A4ECA43}.Debug|Any CPU.ActiveCfg = Debug|Any CPU
		{52DD9903-DB16-413C-8221-5CF27A4ECA43}.Debug|Any CPU.Build.0 = Debug|Any CPU
		{52DD9903-DB16-413C-8221-5CF27A4ECA43}.Release|Any CPU.ActiveCfg = Release|Any CPU
		{52DD9903-DB16-413C-8221-5CF27A4ECA43}.Release|Any CPU.Build.0 = Release|Any CPU
	EndGlobalSection
	GlobalSection(SolutionProperties) = preSolution
		HideSolutionNode = FALSE
	EndGlobalSection
	GlobalSection(ExtensibilityGlobals) = postSolution
		SolutionGuid = {6789A23C-E121-427F-A680-4710B0F75CB1}
	EndGlobalSection
EndGlobal
